
Microsoft Visual Studio Solution File, Format Version 12.00
# Visual Studio Version 16
VisualStudioVersion = 16.0.31515.178
MinimumVisualStudioVersion = 10.0.40219.1
Project("{FAE04EC0-301F-11D3-BF4B-00C04F79EFBC}") = "SolicitudApi", "SolicitudApi\SolicitudApi.csproj", "{15B95B1B-E7AF-46AB-B935-BDFA7F5114F3}"
EndProject
Project("{FAE04EC0-301F-11D3-BF4B-00C04F79EFBC}") = "SolicitudApi.Core", "SolicitudApi.Core\SolicitudApi.Core.csproj", "{B40C03B9-0E80-41EF-BE37-2645FE5192E2}"
EndProject
Project("{FAE04EC0-301F-11D3-BF4B-00C04F79EFBC}") = "SolicitudApi.BI", "SolicitudApi.BI\SolicitudApi.BI.csproj", "{4BBE5CFA-82A1-4E14-AFEF-80B5F85C6889}"
EndProject
Project("{FAE04EC0-301F-11D3-BF4B-00C04F79EFBC}") = "SolicitudApi.Service", "SolicitudApi.Service\SolicitudApi.Service.csproj", "{20E4CF18-015D-4B0E-88FF-4E37631B8B9D}"
EndProject
Project("{FAE04EC0-301F-11D3-BF4B-00C04F79EFBC}") = "SolicitudApi.Model", "SolicitudApi.Model\SolicitudApi.Model.csproj", "{1ED354F6-FA60-45B6-B159-C402522382EC}"
EndProject
Global
	GlobalSection(SolutionConfigurationPlatforms) = preSolution
		Debug|Any CPU = Debug|Any CPU
		Release|Any CPU = Release|Any CPU
	EndGlobalSection
	GlobalSection(ProjectConfigurationPlatforms) = postSolution
		{15B95B1B-E7AF-46AB-B935-BDFA7F5114F3}.Debug|Any CPU.ActiveCfg = Debug|Any CPU
		{15B95B1B-E7AF-46AB-B935-BDFA7F5114F3}.Debug|Any CPU.Build.0 = Debug|Any CPU
		{15B95B1B-E7AF-46AB-B935-BDFA7F5114F3}.Release|Any CPU.ActiveCfg = Release|Any CPU
		{15B95B1B-E7AF-46AB-B935-BDFA7F5114F3}.Release|Any CPU.Build.0 = Release|Any CPU
		{B40C03B9-0E80-41EF-BE37-2645FE5192E2}.Debug|Any CPU.ActiveCfg = Debug|Any CPU
		{B40C03B9-0E80-41EF-BE37-2645FE5192E2}.Debug|Any CPU.Build.0 = Debug|Any CPU
		{B40C03B9-0E80-41EF-BE37-2645FE5192E2}.Release|Any CPU.ActiveCfg = Release|Any CPU
		{B40C03B9-0E80-41EF-BE37-2645FE5192E2}.Release|Any CPU.Build.0 = Release|Any CPU
		{4BBE5CFA-82A1-4E14-AFEF-80B5F85C6889}.Debug|Any CPU.ActiveCfg = Debug|Any CPU
		{4BBE5CFA-82A1-4E14-AFEF-80B5F85C6889}.Debug|Any CPU.Build.0 = Debug|Any CPU
		{4BBE5CFA-82A1-4E14-AFEF-80B5F85C6889}.Release|Any CPU.ActiveCfg = Release|Any CPU
		{4BBE5CFA-82A1-4E14-AFEF-80B5F85C6889}.Release|Any CPU.Build.0 = Release|Any CPU
		{20E4CF18-015D-4B0E-88FF-4E37631B8B9D}.Debug|Any CPU.ActiveCfg = Debug|Any CPU
		{20E4CF18-015D-4B0E-88FF-4E37631B8B9D}.Debug|Any CPU.Build.0 = Debug|Any CPU
		{20E4CF18-015D-4B0E-88FF-4E37631B8B9D}.Release|Any CPU.ActiveCfg = Release|Any CPU
		{20E4CF18-015D-4B0E-88FF-4E37631B8B9D}.Release|Any CPU.Build.0 = Release|Any CPU
		{1ED354F6-FA60-45B6-B159-C402522382EC}.Debug|Any CPU.ActiveCfg = Debug|Any CPU
		{1ED354F6-FA60-45B6-B159-C402522382EC}.Debug|Any CPU.Build.0 = Debug|Any CPU
		{1ED354F6-FA60-45B6-B159-C402522382EC}.Release|Any CPU.ActiveCfg = Release|Any CPU
		{1ED354F6-FA60-45B6-B159-C402522382EC}.Release|Any CPU.Build.0 = Release|Any CPU
	EndGlobalSection
	GlobalSection(SolutionProperties) = preSolution
		HideSolutionNode = FALSE
	EndGlobalSection
	GlobalSection(ExtensibilityGlobals) = postSolution
		SolutionGuid = {D54273E6-CC68-434A-A437-26E9A912D93A}
	EndGlobalSection
EndGlobal
